lockfileVersion: '9.0'

settings:
  autoInstallPeers: true
  excludeLinksFromLockfile: false

importers:

  .:
    dependencies:
      '@ai-sdk/openai':
        specifier: latest
        version: 1.3.22(zod@3.24.1)
      '@hookform/resolvers':
        specifier: ^3.9.1
        version: 3.9.1(react-hook-form@7.54.1(react@18.2.0))
      '@radix-ui/react-accordion':
        specifier: 1.2.2
        version: 1.2.2(@types/react-dom@18.2.0)(@types/react@18.2.0)(react-dom@18.2.0(react@18.2.0))(react@18.2.0)
      '@radix-ui/react-alert-dialog':
        specifier: 1.1.4
        version: 1.1.4(@types/react-dom@18.2.0)(@types/react@18.2.0)(react-dom@18.2.0(react@18.2.0))(react@18.2.0)
      '@radix-ui/react-aspect-ratio':
        specifier: 1.1.1
        version: 1.1.1(@types/react-dom@18.2.0)(@types/react@18.2.0)(react-dom@18.2.0(react@18.2.0))(react@18.2.0)
      '@radix-ui/react-avatar':
        specifier: 1.1.2
        version: 1.1.2(@types/react-dom@18.2.0)(@types/react@18.2.0)(react-dom@18.2.0(react@18.2.0))(react@18.2.0)
      '@radix-ui/react-checkbox':
        specifier: 1.1.3
        version: 1.1.3(@types/react-dom@18.2.0)(@types/react@18.2.0)(react-dom@18.2.0(react@18.2.0))(react@18.2.0)
      '@radix-ui/react-collapsible':
        specifier: 1.1.2
        version: 1.1.2(@types/react-dom@18.2.0)(@types/react@18.2.0)(react-dom@18.2.0(react@18.2.0))(react@18.2.0)
      '@radix-ui/react-context-menu':
        specifier: 2.2.4
        version: 2.2.4(@types/react-dom@18.2.0)(@types/react@18.2.0)(react-dom@18.2.0(react@18.2.0))(react@18.2.0)
      '@radix-ui/react-dialog':
        specifier: 1.1.4
        version: 1.1.4(@types/react-dom@18.2.0)(@types/react@18.2.0)(react-dom@18.2.0(react@18.2.0))(react@18.2.0)
      '@radix-ui/react-dropdown-menu':
        specifier: 2.1.4
        version: 2.1.4(@types/react-dom@18.2.0)(@types/react@18.2.0)(react-dom@18.2.0(react@18.2.0))(react@18.2.0)
      '@radix-ui/react-hover-card':
        specifier: 1.1.4
        version: 1.1.4(@types/react-dom@18.2.0)(@types/react@18.2.0)(react-dom@18.2.0(react@18.2.0))(react@18.2.0)
      '@radix-ui/react-label':
        specifier: 2.1.1
        version: 2.1.1(@types/react-dom@18.2.0)(@types/react@18.2.0)(react-dom@18.2.0(react@18.2.0))(react@18.2.0)
      '@radix-ui/react-menubar':
        specifier: 1.1.4
        version: 1.1.4(@types/react-dom@18.2.0)(@types/react@18.2.0)(react-dom@18.2.0(react@18.2.0))(react@18.2.0)
      '@radix-ui/react-navigation-menu':
        specifier: 1.2.3
        version: 1.2.3(@types/react-dom@18.2.0)(@types/react@18.2.0)(react-dom@18.2.0(react@18.2.0))(react@18.2.0)
      '@radix-ui/react-popover':
        specifier: 1.1.4
        version: 1.1.4(@types/react-dom@18.2.0)(@types/react@18.2.0)(react-dom@18.2.0(react@18.2.0))(react@18.2.0)
      '@radix-ui/react-progress':
        specifier: 1.1.1
        version: 1.1.1(@types/react-dom@18.2.0)(@types/react@18.2.0)(react-dom@18.2.0(react@18.2.0))(react@18.2.0)
      '@radix-ui/react-radio-group':
        specifier: 1.2.2
        version: 1.2.2(@types/react-dom@18.2.0)(@types/react@18.2.0)(react-dom@18.2.0(react@18.2.0))(react@18.2.0)
      '@radix-ui/react-scroll-area':
        specifier: 1.2.2
        version: 1.2.2(@types/react-dom@18.2.0)(@types/react@18.2.0)(react-dom@18.2.0(react@18.2.0))(react@18.2.0)
      '@radix-ui/react-select':
        specifier: 2.1.4
        version: 2.1.4(@types/react-dom@18.2.0)(@types/react@18.2.0)(react-dom@18.2.0(react@18.2.0))(react@18.2.0)
      '@radix-ui/react-separator':
        specifier: 1.1.1
        version: 1.1.1(@types/react-dom@18.2.0)(@types/react@18.2.0)(react-dom@18.2.0(react@18.2.0))(react@18.2.0)
      '@radix-ui/react-slider':
        specifier: 1.2.2
        version: 1.2.2(@types/react-dom@18.2.0)(@types/react@18.2.0)(react-dom@18.2.0(react@18.2.0))(react@18.2.0)
      '@radix-ui/react-slot':
        specifier: 1.1.1 # Note: Original specifier was 1.1.1, there's also 1.2.3 in the lockfile. Assuming 1.1.1 is intended here from original.
        version: 1.1.1(@types/react@18.2.0)(react@18.2.0)
      '@radix-ui/react-switch':
        specifier: 1.1.2
        version: 1.1.2(@types/react-dom@18.2.0)(@types/react@18.2.0)(react-dom@18.2.0(react@18.2.0))(react@18.2.0)
      '@radix-ui/react-tabs':
        specifier: 1.1.2
        version: 1.1.2(@types/react-dom@18.2.0)(@types/react@18.2.0)(react-dom@18.2.0(react@18.2.0))(react@18.2.0)
      '@radix-ui/react-toast':
        specifier: 1.2.4
        version: 1.2.4(@types/react-dom@18.2.0)(@types/react@18.2.0)(react-dom@18.2.0(react@18.2.0))(react@18.2.0)
      '@radix-ui/react-toggle':
        specifier: 1.1.1
        version: 1.1.1(@types/react-dom@18.2.0)(@types/react@18.2.0)(react-dom@18.2.0(react@18.2.0))(react@18.2.0)
      '@radix-ui/react-toggle-group':
        specifier: 1.1.1
        version: 1.1.1(@types/react-dom@18.2.0)(@types/react@18.2.0)(react-dom@18.2.0(react@18.2.0))(react@18.2.0)
      '@radix-ui/react-tooltip':
        specifier: 1.1.6
        version: 1.1.6(@types/react-dom@18.2.0)(@types/react@18.2.0)(react-dom@18.2.0(react@18.2.0))(react@18.2.0)
      '@supabase/auth-helpers-nextjs':
        specifier: latest
        version: 0.10.0(@supabase/supabase-js@2.49.8)
      '@supabase/supabase-js':
        specifier: latest
        version: 2.49.8
      '@tailwindcss/typography':
        specifier: latest
        version: 0.5.16(tailwindcss@3.4.17)
      ai:
        specifier: latest
        version: 4.3.16(react@18.2.0)(zod@3.24.1)
      autoprefixer:
        specifier: ^10.4.20
        version: 10.4.20(postcss@8.0.0) # Assuming postcss version remains, check compatibility if issues arise
      class-variance-authority:
        specifier: ^0.7.1
        version: 0.7.1
      clsx:
        specifier: ^2.1.1
        version: 2.1.1
      cmdk:
        specifier: 1.0.4
        version: 1.0.4(@types/react-dom@18.2.0)(@types/react@18.2.0)(react-dom@18.2.0(react@18.2.0))(react@18.2.0)
      date-fns:
        specifier: 4.1.0 # Original specifier was 4.1.0, ensure this is what you want.
        version: 4.1.0
      embla-carousel-react:
        specifier: 8.5.1
        version: 8.5.1(react@18.2.0)
      input-otp:
        specifier: 1.4.1
        version: 1.4.1(react-dom@18.2.0(react@18.2.0))(react@18.2.0)
      lucide-react:
        specifier: ^0.454.0
        version: 0.454.0(react@18.2.0)
      next:
        specifier: 15.2.4
        version: 15.2.4(@opentelemetry/api@1.9.0)(react-dom@18.2.0(react@18.2.0))(react@18.2.0)
      next-themes:
        specifier: latest
        version: 0.4.6(react-dom@18.2.0(react@18.2.0))(react@18.2.0)
      react:
        specifier: ^18.2.0
        version: 18.2.0
      react-day-picker:
        specifier: 8.10.1
        version: 8.10.1(date-fns@4.1.0)(react@18.2.0)
      react-dom:
        specifier: ^18.2.0
        version: 18.2.0(react@18.2.0)
      react-hook-form:
        specifier: ^7.54.1
        version: 7.54.1(react@18.2.0)
      react-hot-toast:
        specifier: latest
        version: 2.5.2(react-dom@18.2.0(react@18.2.0))(react@18.2.0)
      react-intersection-observer:
        specifier: latest
        version: 9.16.0(react-dom@18.2.0(react@18.2.0))(react@18.2.0)
      react-markdown:
        specifier: latest
        version: 10.1.0(@types/react@18.2.0)(react@18.2.0)
      react-resizable-panels:
        specifier: ^2.1.7
        version: 2.1.7(react-dom@18.2.0(react@18.2.0))(react@18.2.0)
      react-textarea-autosize:
        specifier: latest
        version: 8.5.9(@types/react@18.2.0)(react@18.2.0)
      recharts:
        specifier: 2.15.0
        version: 2.15.0(react-dom@18.2.0(react@18.2.0))(react@18.2.0)
      remark-gfm:
        specifier: latest
        version: 4.0.1
      remark-math:
        specifier: latest
        version: 6.0.0
      server-only:
        specifier: latest
        version: 0.0.1
      sonner:
        specifier: ^1.7.1
        version: 1.7.1(react-dom@18.2.0(react@18.2.0))(react@18.2.0)
      tailwind-merge:
        specifier: ^2.5.5
        version: 2.5.5
      tailwindcss-animate:
        specifier: ^1.0.7
        version: 1.0.7(tailwindcss@3.4.17)
      vaul:
        specifier: ^0.9.6
        version: 0.9.6(@types/react-dom@18.2.0)(@types/react@18.2.0)(react-dom@18.2.0(react@18.2.0))(react@18.2.0)
      zod:
        specifier: ^3.24.1
        version: 3.24.1
    devDependencies:
      '@types/node':
        specifier: ^22
        version: 22.0.0
      '@types/react':
        specifier: ^18.2.0
        version: 18.2.0
      '@types/react-dom':
        specifier: ^18.2.0
        version: 18.2.0
      postcss:
        specifier: ^8 # Assuming this version is fine, it was 8.0.0 in original lockfile devDeps
        version: 8.0.0
      tailwindcss:
        specifier: ^3.4.17
        version: 3.4.17
      typescript:
        specifier: ^5
        version: 5.0.2

packages:

  # ... (other packages remain largely the same unless their resolution changes due to React version)

  '@ai-sdk/openai@1.3.22(zod@3.24.1)':
    resolution: {integrity: sha512-QwA+2EkG0QyjVR+7h6FE7iOu2ivNqAVMm9UJZkVxxTk5OIq5fFJDTEI/zICEMuHImTTXR2JjsL6EirJ28Jc4cw==}
    engines: {node: '>=18'}
    peerDependencies:
      zod: ^3.0.0

  '@ai-sdk/provider-utils@2.2.8(zod@3.24.1)':
    resolution: {integrity: sha512-fqhG+4sCVv8x7nFzYnFo19ryhAa3w096Kmc3hWxMQfW/TubPOmt3A6tYZhl4mUfQWWQMsuSkLrtjlWuXBVSGQA==}
    engines: {node: '>=18'}
    peerDependencies:
      zod: ^3.23.8

  '@ai-sdk/provider@1.1.3':
    resolution: {integrity: sha512-qZMxYJ0qqX/RfnuIaab+zp8UAeJn/ygXXAffR5I4N0n1IrvA6qBsjc8hXLmBiMV2zoXlifkacF7sEFnYnjBcqg==}
    engines: {node: '>=18'}

  '@ai-sdk/react@1.2.12(react@18.2.0)(zod@3.24.1)': # MODIFIED
    resolution: {integrity: sha512-jK1IZZ22evPZoQW3vlkZ7wvjYGYF+tRBKXtrcolduIkQ/m/sOAVcVeVDUDvh1T91xCnWCdUGCPZg2avZ90mv3g==} # This hash would change
    engines: {node: '>=18'}
    peerDependencies:
      react: ^18 || ^19 || ^19.0.0-rc # Peer dep range includes 18
      zod: ^3.23.8
    peerDependenciesMeta:
      zod:
        optional: true

  # ... (other packages like @alloc/quick-lru, @babel/runtime etc. are likely unchanged unless they had a direct dep on React 19 that forced a specific version)

  '@hookform/resolvers@3.9.1(react-hook-form@7.54.1(react@18.2.0))': # MODIFIED
    resolution: {integrity: sha512-ud2HqmGBM0P0IABqoskKWI6PEf6ZDDBZkFqe2Vnl+mTHCEHzr3ISjjZyCwTjC/qpL25JC9aIDkloQejvMeq0ug==} # This hash would change
    peerDependencies:
      react-hook-form: ^7.0.0

  # ...

  '@radix-ui/react-accordion@1.2.2(@types/react-dom@18.2.0)(@types/react@18.2.0)(react-dom@18.2.0(react@18.2.0))(react@18.2.0)': # MODIFIED
    resolution: {integrity: sha512-b1oh54x4DMCdGsB4/7ahiSrViXxaBwRPotiZNnYXjLha9vfuURSAZErki6qjDoSIV0eXx5v57XnTGVtGwnfp2g==} # This hash would change
    peerDependencies:
      '@types/react': '*'
      '@types/react-dom': '*'
      react: ^16.8 || ^17.0 || ^18.0 || ^19.0 || ^19.0.0-rc # Peer dep range includes 18
      react-dom: ^16.8 || ^17.0 || ^18.0 || ^19.0 || ^19.0.0-rc # Peer dep range includes 18
    peerDependenciesMeta:
      '@types/react':
        optional: true
      '@types/react-dom':
        optional: true
    dependencies: # Added to show internal resolution if needed, pnpm handles this
      react: 18.2.0 # MODIFIED
      react-dom: 18.2.0(react@18.2.0) # MODIFIED
    optionalDependencies: # Added to show internal resolution
      '@types/react': 18.2.0 # MODIFIED
      '@types/react-dom': 18.2.0 # MODIFIED


  '@radix-ui/react-alert-dialog@1.1.4(@types/react-dom@18.2.0)(@types/react@18.2.0)(react-dom@18.2.0(react@18.2.0))(react@18.2.0)': # MODIFIED
    resolution: {integrity: sha512-A6Kh23qZDLy3PSU4bh2UJZznOrUdHImIXqF8YtUa6CN73f8EOO9XlXSCd9IHyPvIquTaa/kwaSWzZTtUvgXVGw==} # This hash would change
    peerDependencies:
      '@types/react': '*'
      '@types/react-dom': '*'
      react: ^16.8 || ^17.0 || ^18.0 || ^19.0 || ^19.0.0-rc
      react-dom: ^16.8 || ^17.0 || ^18.0 || ^19.0 || ^19.0.0-rc
    peerDependenciesMeta:
      '@types/react':
        optional: true
      '@types/react-dom':
        optional: true
    dependencies:
      react: 18.2.0 # MODIFIED
      react-dom: 18.2.0(react@18.2.0) # MODIFIED
    optionalDependencies:
      '@types/react': 18.2.0 # MODIFIED
      '@types/react-dom': 18.2.0 # MODIFIED

  # Apply similar modifications for all @radix-ui components and other direct/indirect dependencies of React

  '@radix-ui/react-arrow@1.1.1(@types/react-dom@18.2.0)(@types/react@18.2.0)(react-dom@18.2.0(react@18.2.0))(react@18.2.0)': # MODIFIED
    resolution: {integrity: sha512-NaVpZfmv8SKeZbn4ijN2V3jlHA9ngBG16VnIIm22nUR0Yk8KUALyBxT3KYEUnNuch9sTE8UTsS3whzBgKOL30w==} # This hash would change
    peerDependencies:
      '@types/react': '*'
      '@types/react-dom': '*'
      react: ^16.8 || ^17.0 || ^18.0 || ^19.0 || ^19.0.0-rc
      react-dom: ^16.8 || ^17.0 || ^18.0 || ^19.0 || ^19.0.0-rc
    peerDependenciesMeta:
      '@types/react':
        optional: true
      '@types/react-dom':
        optional: true
    dependencies:
      react: 18.2.0 # MODIFIED
      react-dom: 18.2.0(react@18.2.0) # MODIFIED
    optionalDependencies:
      '@types/react': 18.2.0 # MODIFIED
      '@types/react-dom': 18.2.0 # MODIFIED

  # ... (continue for all Radix UI and other relevant packages) ...

  '@radix-ui/react-slot@1.1.1(@types/react@18.2.0)(react@18.2.0)': # MODIFIED
    resolution: {integrity: sha512-RApLLOcINYJA+dMVbOju7MYv1Mb2EBp2nH4HdDzXTSyaR5optlm6Otrz1euW3HbdOR8UmmFK06TD+A9frYWv+g==} # This hash would change
    peerDependencies:
      '@types/react': '*'
      react: ^16.8 || ^17.0 || ^18.0 || ^19.0 || ^19.0.0-rc
    peerDependenciesMeta:
      '@types/react':
        optional: true
    dependencies:
      react: 18.2.0 # MODIFIED
    optionalDependencies:
      '@types/react': 18.2.0 # MODIFIED

  '@radix-ui/react-slot@1.2.3(@types/react@18.2.0)(react@18.2.0)': # MODIFIED (if this specific version was used)
    resolution: {integrity: sha512-aeNmHnBxbi2St0au6VBVC7JXFlhLlOnvIIlePNniyUNAClzmtAUEY8/pBiK3iHjufOlwA+c20/8jngo7xcrg8A==} # This hash would change
    peerDependencies:
      '@types/react': '*'
      react: ^16.8 || ^17.0 || ^18.0 || ^19.0 || ^19.0.0-rc
    peerDependenciesMeta:
      '@types/react':
        optional: true
    dependencies:
      react: 18.2.0 # MODIFIED
    optionalDependencies:
      '@types/react': 18.2.0 # MODIFIED

  # ... (ensure all Radix and other components are updated similarly)

  '@types/react-dom@18.2.0': # MODIFIED
    resolution: {integrity: NEW_INTEGRITY_HASH_FOR_TYPES_REACT_DOM_18_2_0} # Placeholder - this hash WILL change
    # Original integrity for 19.0.0: sha512-1KfiQKsH1o00p9m5ag12axHQSb3FOU9H20UTrujVSkNhuCrRHiQWFqgEnTNK5ZNfnzZv8UWrnXVqCmCF9fgY3w==

  '@types/react@18.2.0': # MODIFIED
    resolution: {integrity: NEW_INTEGRITY_HASH_FOR_TYPES_REACT_18_2_0} # Placeholder - this hash WILL change
    # Original integrity for 19.0.0: sha512-MY3oPudxvMYyesqs/kW1Bh8y9VqSmf+tzqw3ae8a9DZW68pUe3zAdHeI1jc6iAysuRdACnVknHP8AhwD4/dxtg==
    dependencies:
      csstype: 3.1.3 # Assuming csstype version remains compatible

  ai@4.3.16(react@18.2.0)(zod@3.24.1)': # MODIFIED
    resolution: {integrity: sha512-KUDwlThJ5tr2Vw0A1ZkbDKNME3wzWhuVfAOwIvFUzl1TPVDFAXDFTXio3p+jaKneB+dKNCvFFlolYmmgHttG1g==} # This hash would change
    engines: {node: '>=18'}
    peerDependencies:
      react: ^18 || ^19 || ^19.0.0-rc
      zod: ^3.23.8
    peerDependenciesMeta:
      react:
        optional: true
    dependencies:
      react: 18.2.0 # MODIFIED
    optionalDependencies:
      zod: 3.24.1

  cmdk@1.0.4(@types/react-dom@18.2.0)(@types/react@18.2.0)(react-dom@18.2.0(react@18.2.0))(react@18.2.0)': # MODIFIED
    resolution: {integrity: sha512-AnsjfHyHpQ/EFeAnG216WY7A5LiYCoZzCSygiLvfXC3H3LFGCprErteUcszaVluGOhuOTbJS3jWHrSDYPBBygg==} # This hash would change
    peerDependencies:
      react: ^18 || ^19 || ^19.0.0-rc
      react-dom: ^18 || ^19 || ^19.0.0-rc
    dependencies:
      react: 18.2.0 # MODIFIED
      react-dom: 18.2.0(react@18.2.0) # MODIFIED
    optionalDependencies:
      '@types/react': 18.2.0 # MODIFIED
      '@types/react-dom': 18.2.0 # MODIFIED

  embla-carousel-react@8.5.1(react@18.2.0)': # MODIFIED
    resolution: {integrity: sha512-z9Y0K84BJvhChXgqn2CFYbfEi6AwEr+FFVVKm/MqbTQ2zIzO1VQri6w67LcfpVF0AjbhwVMywDZqY4alYkjW5w==} # This hash would change
    peerDependencies:
      react: ^16.8.0 || ^17.0.1 || ^18.0.0 || ^19.0.0 || ^19.0.0-rc
    dependencies:
      react: 18.2.0 # MODIFIED

  input-otp@1.4.1(react-dom@18.2.0(react@18.2.0))(react@18.2.0)': # MODIFIED
    resolution: {integrity: sha512-+yvpmKYKHi9jIGngxagY9oWiiblPB7+nEO75F2l2o4vs+6vpPZZmUl4tBNYuTCvQjhvEIbdNeJu70bhfYP2nbw==} # This hash would change
    peerDependencies:
      react: ^16.8 || ^17.0 || ^18.0 || ^19.0.0 || ^19.0.0-rc
      react-dom: ^16.8 || ^17.0 || ^18.0 || ^19.0.0 || ^19.0.0-rc
    dependencies:
      react: 18.2.0 # MODIFIED
      react-dom: 18.2.0(react@18.2.0) # MODIFIED

  lucide-react@0.454.0(react@18.2.0)': # MODIFIED
    resolution: {integrity: sha512-hw7zMDwykCLnEzgncEEjHeA6+45aeEzRYuKHuyRSOPkhko+J3ySGjGIzu+mmMfDFG1vazHepMaYFYHbTFAZAAQ==} # This hash would change
    peerDependencies:
      react: ^16.5.1 || ^17.0.0 || ^18.0.0 || ^19.0.0-rc
    dependencies:
      react: 18.2.0 # MODIFIED

  next@15.2.4(@opentelemetry/api@1.9.0)(react-dom@18.2.0(react@18.2.0))(react@18.2.0)': # MODIFIED
    resolution: {integrity: sha512-VwL+LAaPSxEkd3lU2xWbgEOtrM8oedmyhBqaVNmgKB+GvZlCy9rgaEc+y2on0wv+l0oSFqLtYD6dcC1eAedUaQ==} # This hash would change
    engines: {node: ^18.18.0 || ^19.8.0 || >= 20.0.0}
    hasBin: true
    peerDependencies:
      '@opentelemetry/api': ^1.1.0
      '@playwright/test': ^1.41.2
      babel-plugin-react-compiler: '*'
      react: ^18.2.0 # This now matches
      react-dom: ^18.2.0 # This now matches
      sass: ^1.3.0
    peerDependenciesMeta:
      '@opentelemetry/api':
        optional: true
      '@playwright/test':
        optional: true
      babel-plugin-react-compiler:
        optional: true
      sass:
        optional: true
    dependencies:
      react: 18.2.0 # MODIFIED
      react-dom: 18.2.0(react@18.2.0) # MODIFIED
      # styled-jsx peer dep for react is also compatible
    optionalDependencies:
      '@opentelemetry/api': 1.9.0

  next-themes@0.4.6(react-dom@18.2.0(react@18.2.0))(react@18.2.0)': # MODIFIED
    resolution: {integrity: sha512-pZvgD5L0IEvX5/9GWyHMf3m8BKiVQwsCMHfoFosXtXBMnaS0ZnIJ9ST4b4NqLVKDEm8QBxoNNGNaBv2JNF6XNA==} # This hash would change
    peerDependencies:
      react: ^16.8 || ^17 || ^18 || ^19 || ^19.0.0-rc
      react-dom: ^16.8 || ^17 || ^18 || ^19 || ^19.0.0-rc
    dependencies:
      react: 18.2.0 # MODIFIED
      react-dom: 18.2.0(react@18.2.0) # MODIFIED

  react-day-picker@8.10.1(date-fns@4.1.0)(react@18.2.0)': # MODIFIED
    resolution: {integrity: sha512-TMx7fNbhLk15eqcMt+7Z7S2KF7mfTId/XJDjKE8f+IUcFn0l08/kI4FiYTL/0yuOLmEcbR4Fwe3GJf/NiiMnPA==} # This hash would change
    peerDependencies:
      date-fns: ^2.28.0 || ^3.0.0
      react: ^16.8.0 || ^17.0.0 || ^18.0.0
    dependencies:
      date-fns: 4.1.0
      react: 18.2.0 # MODIFIED

  react-dom@18.2.0(react@18.2.0)': # MODIFIED
    resolution: {integrity: NEW_INTEGRITY_HASH_FOR_REACT_DOM_18_2_0} # Placeholder - this hash WILL change
    # Original integrity for 19.0.0: sha512-4GV5sHFG0e/0AD4X+ySy6UJd3jVl1iNsNHdpad0qhABJ11twS3TTBnseqsKurKcsNqCEFeGL3uLpVChpIO3QfQ==
    peerDependencies:
      react: 18.2.0 # MODIFIED
    dependencies:
      react: 18.2.0
      scheduler: 0.25.0 # Assuming scheduler 0.25.0 is compatible with React 18.2.0. React 18 uses scheduler 0.23.0. This might need adjustment based on pnpm's resolution.
      # For react-dom 18.2.0, the scheduler version is typically 0.23.0.
      # Keeping 0.25.0 as it was in the original lockfile for React 19, but this is a point of potential mismatch.
      # A true pnpm install would resolve the correct scheduler version.

  react-hook-form@7.54.1(react@18.2.0)': # MODIFIED
    resolution: {integrity: sha512-PUNzFwQeQ5oHiiTUO7GO/EJXGEtuun2Y1A59rLnZBBj+vNEOWt/3ERTiG1/zt7dVeJEM+4vDX/7XQ/qanuvPMg==} # This hash would change
    engines: {node: '>=18.0.0'}
    peerDependencies:
      react: ^16.8.0 || ^17 || ^18 || ^19
    dependencies:
      react: 18.2.0 # MODIFIED

  react-hot-toast@2.5.2(react-dom@18.2.0(react@18.2.0))(react@18.2.0)': # MODIFIED
    resolution: {integrity: sha512-Tun3BbCxzmXXM7C+NI4qiv6lT0uwGh4oAfeJyNOjYUejTsm35mK9iCaYLGv8cBz9L5YxZLx/2ii7zsIwPtPUdw==} # This hash would change
    engines: {node: '>=10'}
    peerDependencies:
      react: '>=16'
      react-dom: '>=16'
    dependencies:
      react: 18.2.0 # MODIFIED
      react-dom: 18.2.0(react@18.2.0) # MODIFIED

  react-intersection-observer@9.16.0(react-dom@18.2.0(react@18.2.0))(react@18.2.0)': # MODIFIED
    resolution: {integrity: sha512-w9nJSEp+DrW9KmQmeWHQyfaP6b03v+TdXynaoA964Wxt7mdR3An11z4NNCQgL4gKSK7y1ver2Fq+JKH6CWEzUA==} # This hash would change
    peerDependencies:
      react: ^17.0.0 || ^18.0.0 || ^19.0.0
      react-dom: ^17.0.0 || ^18.0.0 || ^19.0.0
    peerDependenciesMeta:
      react-dom:
        optional: true
    dependencies:
      react: 18.2.0 # MODIFIED
    optionalDependencies:
      react-dom: 18.2.0(react@18.2.0) # MODIFIED

  react-markdown@10.1.0(@types/react@18.2.0)(react@18.2.0)': # MODIFIED
    resolution: {integrity: sha512-qKxVopLT/TyA6BX3Ue5NwabOsAzm0Q7kAPwq6L+wWDwisYs7R8vZ0nRXqq6rkueboxpkjvLGU9fWifiX/ZZFxQ==} # This hash would change
    peerDependencies:
      '@types/react': '>=18'
      react: '>=18'
    dependencies:
      '@types/react': 18.2.0 # MODIFIED (if resolved, or from peer)
      react: 18.2.0 # MODIFIED

  react-resizable-panels@2.1.7(react-dom@18.2.0(react@18.2.0))(react@18.2.0)': # MODIFIED
    resolution: {integrity: sha512-JtT6gI+nURzhMYQYsx8DKkx6bSoOGFp7A3CwMrOb8y5jFHFyqwo9m68UhmXRw57fRVJksFn1TSlm3ywEQ9vMgA==} # This hash would change
    peerDependencies:
      react: ^16.14.0 || ^17.0.0 || ^18.0.0 || ^19.0.0 || ^19.0.0-rc
      react-dom: ^16.14.0 || ^17.0.0 || ^18.0.0 || ^19.0.0 || ^19.0.0-rc
    dependencies:
      react: 18.2.0 # MODIFIED
      react-dom: 18.2.0(react@18.2.0) # MODIFIED

  react-textarea-autosize@8.5.9(@types/react@18.2.0)(react@18.2.0)': # MODIFIED
    resolution: {integrity: sha512-U1DGlIQN5AwgjTyOEnI1oCcMuEr1pv1qOtklB2l4nyMGbHzWrI0eFsYK0zos2YWqAolJyG0IWJaqWmWj5ETh0A==} # This hash would change
    engines: {node: '>=10'}
    peerDependencies:
      react: ^16.8.0 || ^17.0.0 || ^18.0.0 || ^19.0.0
    dependencies:
      react: 18.2.0 # MODIFIED
    optionalDependencies:
      '@types/react': 18.2.0 # MODIFIED

  react@18.2.0': # MODIFIED
    resolution: {integrity: NEW_INTEGRITY_HASH_FOR_REACT_18_2_0} # Placeholder - this hash WILL change
    # Original integrity for 19.0.0: sha512-V8AVnmPIICiWpGfm6GLzCR/W5FXLchHop40W4nXBmdlEceh16rCN8O8LNWm5bh5XUX91fh7KpA+W0TgMKmgTpQ==
    engines: {node: '>=0.10.0'}
    dependencies:
      loose-envify: 1.4.0 # Assuming loose-envify is still a dep and compatible

  recharts@2.15.0(react-dom@18.2.0(react@18.2.0))(react@18.2.0)': # MODIFIED
    resolution: {integrity: sha512-cIvMxDfpAmqAmVgc4yb7pgm/O1tmmkl/CjrvXuW+62/+7jj/iF9Ykm+hb/UJt42TREHMyd3gb+pkgoa2MxgDIw==} # This hash would change
    engines: {node: '>=14'}
    peerDependencies:
      react: ^16.0.0 || ^17.0.0 || ^18.0.0 || ^19.0.0
      react-dom: ^16.0.0 || ^17.0.0 || ^18.0.0 || ^19.0.0
    dependencies:
      react: 18.2.0 # MODIFIED
      react-dom: 18.2.0(react@18.2.0) # MODIFIED

  scheduler@0.23.0': # React 18.2.0 typically uses scheduler 0.23.0.
                     # The original lockfile for React 19 had scheduler@0.25.0.
                     # This is a significant change. If pnpm resolves scheduler to 0.23.0, this entry would be new/changed.
                     # For this example, I'll assume 0.23.0 is correct for React 18.2.0.
    resolution: {integrity: sha512-CtuTh6NfRjyJLSs2nAmH6MXmuYyL62K/1S7J1TfR0xVWRUqNuyXoXICKOvD/wP4HnSBFK/WlU7FdnP22lD/eYg==} # Example integrity for 0.23.0, WILL BE DIFFERENT
    dependencies:
      loose-envify: 1.4.0

  # Remove scheduler@0.25.0 if it's no longer needed, or adjust if pnpm keeps it for other reasons.
  # For simplicity, I am assuming scheduler@0.23.0 is now the primary one and 0.25.0 might be removed or its dependents updated.
  # The original lockfile has scheduler@0.25.0. React DOM 18.2.0's package.json specifies "scheduler": "^0.23.0".
  # So, the entry for scheduler@0.25.0 might remain if another package depends on it, or it might be replaced.
  # I will keep the 0.25.0 entry from the original lockfile but acknowledge this might change.
  scheduler@0.25.0:
    resolution: {integrity: sha512-xFVuu11jh+xcO7JOAGJNOXld8/TcEHK/4CituBUeUb5hqxJLj9YuemAEuvm9gQ/+pgXYfbQuqAkiYu+u7YEsNA==}
    # If react-dom@18.2.0 pulls in scheduler@0.23.0, this 0.25.0 entry might only exist if another direct dependency needs it.

  sonner@1.7.1(react-dom@18.2.0(react@18.2.0))(react@18.2.0)': # MODIFIED
    resolution: {integrity: sha512-b6LHBfH32SoVasRFECrdY8p8s7hXPDn3OHUFbZZbiB1ctLS9Gdh6rpX2dVrpQA0kiL5jcRzDDldwwLkSKk3+QQ==} # This hash would change
    peerDependencies:
      react: ^18.0.0 || ^19.0.0 || ^19.0.0-rc
      react-dom: ^18.0.0 || ^19.0.0 || ^19.0.0-rc
    dependencies:
      react: 18.2.0 # MODIFIED
      react-dom: 18.2.0(react@18.2.0) # MODIFIED

  # styled-jsx@5.1.6's peer dep on react is '>= 16.8.0 || 17.x.x || ^18.0.0-0 || ^19.0.0-0', so it's compatible.
  # The (react@19.0.0) part in its key would change if it was present.
  # Original styled-jsx entry from lockfile: styled-jsx@5.1.6(react@19.0.0)
  styled-jsx@5.1.6(react@18.2.0): # MODIFIED
    resolution: {integrity: sha512-qSVyDTeMotdvQYoHWLNGwRFJHC+i+ZvdBRYosOFgC+Wg1vx4frN2/RG/NA7SYqqvKNLf39P2LSRA2pu6n0XYZA==} # This hash would change
    engines: {node: '>= 12.0.0'}
    peerDependencies:
      '@babel/core': '*'
      babel-plugin-macros: '*'
      react: '>= 16.8.0 || 17.x.x || ^18.0.0-0 || ^19.0.0-0'
    peerDependenciesMeta:
      '@babel/core':
        optional: true
      babel-plugin-macros:
        optional: true
    dependencies:
      react: 18.2.0 # MODIFIED

  swr@2.3.3(react@18.2.0)': # MODIFIED
    resolution: {integrity: sha512-dshNvs3ExOqtZ6kJBaAsabhPdHyeY4P2cKwRCniDVifBMoG/SVI7tfLWqPXriVspf2Rg4tPzXJTnwaihIeFw2A==} # This hash would change
    peerDependencies:
      react: ^16.11.0 || ^17.0.0 || ^18.0.0 || ^19.0.0
    dependencies:
      react: 18.2.0 # MODIFIED

  use-sync-external-store@1.5.0(react@18.2.0)': # MODIFIED
    resolution: {integrity: sha512-Rb46I4cGGVBmjamjphe8L/UnvJD+uPPtTkNvX5mZgqdbavhI4EbgIWJiIHXJ8bc/i9EQGPRh4DwEURJ552Do0A==} # This hash would change
    peerDependencies:
      react: ^16.8.0 || ^17.0.0 || ^18.0.0 || ^19.0.0
    dependencies:
      react: 18.2.0 # MODIFIED

  vaul@0.9.6(@types/react-dom@18.2.0)(@types/react@18.2.0)(react-dom@18.2.0(react@18.2.0))(react@18.2.0)': # MODIFIED
    resolution: {integrity: sha512-Ykk5FSu4ibeD6qfKQH/CkBRdSGWkxi35KMNei0z59kTPAlgzpE/Qf1gTx2sxih8Q05KBO/aFhcF/UkBW5iI1Ww==} # This hash would change
    peerDependencies:
      react: ^16.8 || ^17.0 || ^18.0 # Compatible
      react-dom: ^16.8 || ^17.0 || ^18.0 # Compatible
    dependencies:
      react: 18.2.0 # MODIFIED
      react-dom: 18.2.0(react@18.2.0) # MODIFIED
    optionalDependencies:
      '@types/react': 18.2.0 # MODIFIED
      '@types/react-dom': 18.2.0 # MODIFIED

  # ... (ensure all other packages are checked and updated similarly)
  # This is a truncated example. A full update would require checking every package.

  # Ensure all other existing package entries are present.
  # The ones not directly related to React or not having React as a peer/direct dependency
  # would likely remain unchanged in terms of their own version and integrity hash,
  # but their dependency qualifiers like (react@19.0.0) would change to (react@18.2.0) if present.

  # For example, a package like 'zod' would remain:
  zod@3.24.1:
    resolution: {integrity: sha512-muH7gBL9sI1nciMZV67X5fTKKBLtwpZ5VBp1vsOQzj1MhrBZ4wlVCm3gedKZWLp0Oyel8sIGfeiz54Su+OVT+A==}

  # But if a package was like: some-other-package@1.0.0(zod@3.24.1)(react@19.0.0)
  # It would become: some-other-package@1.0.0(zod@3.24.1)(react@18.2.0)

  # The rest of the packages from the original lockfile would follow here,
  # with necessary adjustments to (react@...) and internal react versions.
  # Due to the extreme length, I've only shown key examples of modifications.
  # You would need to apply these patterns throughout your entire original lockfile.

  # --- END OF MODIFIED SECTION ---
  # Below this line, you would append the rest of your original pnpm-lock.yaml's 'packages' entries,
  # carefully applying the same transformation logic for any React-related versions.
  # For brevity, the full list of all ~1000+ packages is not reproduced here.

  # Example of how to continue (replace with your actual packages from the old lockfile):
  # '@alloc/quick-lru@5.2.0':
  #   resolution: {integrity: sha512-UrcABB+4bUrFABwbluTIBErXwvbsU/V7TZWfmbgJfbkwiBuziS9gxdODUyuiecfdGQ85jglMW6juS3+z5TsKLw==}
  #   engines: {node: '>=10'}

  # '@babel/runtime@7.27.4':
  #   resolution: {integrity: sha512-t3yaEOuGu9NlIZ+hIeGbBjFtZT7j2cb2tg0fuaJKeGotchRjjLfrBA9Kwf8quhpP1EUuxModQg04q/mBwyg8uA==}
  #   engines: {node: '>=6.9.0'}

  # ... and so on for all other packages from your original lockfile.
  # Remember to change any (react@19.0.0) or similar references in their keys or dependencies.

